
Microsoft Visual Studio Solution File, Format Version 12.00
# Visual Studio Version 16
VisualStudioVersion = 16.0.31229.75
MinimumVisualStudioVersion = 10.0.40219.1
Project("{FAE04EC0-301F-11D3-BF4B-00C04F79EFBC}") = "TheFoodBankProject", "TheFoodBankProject\TheFoodBankProject.csproj", "{E370B7C8-86A5-4141-9C91-18CF20D4C0A6}"
EndProject
Global
	GlobalSection(SolutionConfigurationPlatforms) = preSolution
		Debug|Any CPU = Debug|Any CPU
		Release|Any CPU = Release|Any CPU
	EndGlobalSection
	GlobalSection(ProjectConfigurationPlatforms) = postSolution
		{E370B7C8-86A5-4141-9C91-18CF20D4C0A6}.Debug|Any CPU.ActiveCfg = Debug|Any CPU
		{E370B7C8-86A5-4141-9C91-18CF20D4C0A6}.Debug|Any CPU.Build.0 = Debug|Any CPU
		{E370B7C8-86A5-4141-9C91-18CF20D4C0A6}.Release|Any CPU.ActiveCfg = Release|Any CPU
		{E370B7C8-86A5-4141-9C91-18CF20D4C0A6}.Release|Any CPU.Build.0 = Release|Any CPU
	EndGlobalSection
	GlobalSection(SolutionProperties) = preSolution
		HideSolutionNode = FALSE
	EndGlobalSection
	GlobalSection(ExtensibilityGlobals) = postSolution
		SolutionGuid = {363B630F-54B8-49F3-8A92-BF1B625F2ECB}
	EndGlobalSection
EndGlobal
